
Microsoft Visual Studio Solution File, Format Version 12.00
# Visual Studio 15
VisualStudioVersion = 15.0.28010.2048
MinimumVisualStudioVersion = 10.0.40219.1
Project("{9A19103F-16F7-4668-BE54-9A1E7A4F7556}") = "DreamTrip.WebApi", "DreamTrip.WebApi.csproj", "{3D124D9C-5CAC-4938-BDE0-FBC56051723C}"
EndProject
Global
	GlobalSection(SolutionConfigurationPlatforms) = preSolution
		Debug|Any CPU = Debug|Any CPU
		Release|Any CPU = Release|Any CPU
	EndGlobalSection
	GlobalSection(ProjectConfigurationPlatforms) = postSolution
		{3D124D9C-5CAC-4938-BDE0-FBC56051723C}.Debug|Any CPU.ActiveCfg = Debug|Any CPU
		{3D124D9C-5CAC-4938-BDE0-FBC56051723C}.Debug|Any CPU.Build.0 = Debug|Any CPU
		{3D124D9C-5CAC-4938-BDE0-FBC56051723C}.Release|Any CPU.ActiveCfg = Release|Any CPU
		{3D124D9C-5CAC-4938-BDE0-FBC56051723C}.Release|Any CPU.Build.0 = Release|Any CPU
	EndGlobalSection
	GlobalSection(SolutionProperties) = preSolution
		HideSolutionNode = FALSE
	EndGlobalSection
	GlobalSection(ExtensibilityGlobals) = postSolution
		SolutionGuid = {98879EEB-0356-47CD-8FFC-9E2127F47B57}
	EndGlobalSection
EndGlobal
